// !$*UTF8*$!
{
	archiveVersion = 1;
	classes = {
	};
	objectVersion = 56;
	objects = {

/* Begin PBXBuildFile section */
		CEC817C72BEA9F1A0061BF06 /* AppDelegate.swift in Sources */ = {isa = PBXBuildFile; fileRef = CEC817C62BEA9F1A0061BF06 /* AppDelegate.swift */; };
		CEC817C92BEA9F1A0061BF06 /* SceneDelegate.swift in Sources */ = {isa = PBXBuildFile; fileRef = CEC817C82BEA9F1A0061BF06 /* SceneDelegate.swift */; };
		CEC817CB2BEA9F1A0061BF06 /* ViewController.swift in Sources */ = {isa = PBXBuildFile; fileRef = CEC817CA2BEA9F1A0061BF06 /* ViewController.swift */; };
		CEC817CE2BEA9F1A0061BF06 /* Main.storyboard in Resources */ = {isa = PBXBuildFile; fileRef = CEC817CC2BEA9F1A0061BF06 /* Main.storyboard */; };
		CEC817D12BEA9F1A0061BF06 /* Project_WM.xcdatamodeld in Sources */ = {isa = PBXBuildFile; fileRef = CEC817CF2BEA9F1A0061BF06 /* Project_WM.xcdatamodeld */; };
		CEC817D32BEA9F1F0061BF06 /* Assets.xcassets in Resources */ = {isa = PBXBuildFile; fileRef = CEC817D22BEA9F1F0061BF06 /* Assets.xcassets */; };
		CEC817D62BEA9F1F0061BF06 /* LaunchScreen.storyboard in Resources */ = {isa = PBXBuildFile; fileRef = CEC817D42BEA9F1F0061BF06 /* LaunchScreen.storyboard */; };
		CEC817E12BEA9F200061BF06 /* Project_WMTests.swift in Sources */ = {isa = PBXBuildFile; fileRef = CEC817E02BEA9F200061BF06 /* Project_WMTests.swift */; };
		CEC817EB2BEA9F200061BF06 /* Project_WMUITests.swift in Sources */ = {isa = PBXBuildFile; fileRef = CEC817EA2BEA9F200061BF06 /* Project_WMUITests.swift */; };
		CEC817ED2BEA9F200061BF06 /* Project_WMUITestsLaunchTests.swift in Sources */ = {isa = PBXBuildFile; fileRef = CEC817EC2BEA9F200061BF06 /* Project_WMUITestsLaunchTests.swift */; };
		CEC8180C2BEA9FF30061BF06 /* FMDatabaseAdditions.m in Sources */ = {isa = PBXBuildFile; fileRef = CEC818012BEA9FF20061BF06 /* FMDatabaseAdditions.m */; };
		CEC8180D2BEA9FF30061BF06 /* FMDatabaseQueue.m in Sources */ = {isa = PBXBuildFile; fileRef = CEC818022BEA9FF20061BF06 /* FMDatabaseQueue.m */; };
		CEC8180E2BEA9FF30061BF06 /* FMResultSet.m in Sources */ = {isa = PBXBuildFile; fileRef = CEC818052BEA9FF20061BF06 /* FMResultSet.m */; };
		CEC8180F2BEA9FF30061BF06 /* FMDatabase.m in Sources */ = {isa = PBXBuildFile; fileRef = CEC818072BEA9FF20061BF06 /* FMDatabase.m */; };
		CEC818102BEA9FF30061BF06 /* FMDatabasePool.m in Sources */ = {isa = PBXBuildFile; fileRef = CEC8180B2BEA9FF30061BF06 /* FMDatabasePool.m */; };
		CEC818122BEAA09C0061BF06 /* WorkManagementDaTabase.swift in Sources */ = {isa = PBXBuildFile; fileRef = CEC818112BEAA09C0061BF06 /* WorkManagementDaTabase.swift */; };
		CEC818152BEAA1C60061BF06 /* libsqlite3.0.tbd in Frameworks */ = {isa = PBXBuildFile; fileRef = CEC818142BEAA1C60061BF06 /* libsqlite3.0.tbd */; };
/* End PBXBuildFile section */

/* Begin PBXContainerItemProxy section */
		CEC817DD2BEA9F200061BF06 /* PBXContainerItemProxy */ = {
			isa = PBXContainerItemProxy;
			containerPortal = CEC817BB2BEA9F1A0061BF06 /* Project object */;
			proxyType = 1;
			remoteGlobalIDString = CEC817C22BEA9F1A0061BF06;
			remoteInfo = "Project WM";
		};
		CEC817E72BEA9F200061BF06 /* PBXContainerItemProxy */ = {
			isa = PBXContainerItemProxy;
			containerPortal = CEC817BB2BEA9F1A0061BF06 /* Project object */;
			proxyType = 1;
			remoteGlobalIDString = CEC817C22BEA9F1A0061BF06;
			remoteInfo = "Project WM";
		};
/* End PBXContainerItemProxy section */

/* Begin PBXFileReference section */
		CEC817C32BEA9F1A0061BF06 /* Project WM.app */ = {isa = PBXFileReference; explicitFileType = wrapper.application; includeInIndex = 0; path = "Project WM.app"; sourceTree = BUILT_PRODUCTS_DIR; };
		CEC817C62BEA9F1A0061BF06 /* AppDelegate.swift */ = {isa = PBXFileReference; lastKnownFileType = sourcecode.swift; path = AppDelegate.swift; sourceTree = "<group>"; };
		CEC817C82BEA9F1A0061BF06 /* SceneDelegate.swift */ = {isa = PBXFileReference; lastKnownFileType = sourcecode.swift; path = SceneDelegate.swift; sourceTree = "<group>"; };
		CEC817CA2BEA9F1A0061BF06 /* ViewController.swift */ = {isa = PBXFileReference; lastKnownFileType = sourcecode.swift; path = ViewController.swift; sourceTree = "<group>"; };
		CEC817CD2BEA9F1A0061BF06 /* Base */ = {isa = PBXFileReference; lastKnownFileType = file.storyboard; name = Base; path = Base.lproj/Main.storyboard; sourceTree = "<group>"; };
		CEC817D02BEA9F1A0061BF06 /* Project_WM.xcdatamodel */ = {isa = PBXFileReference; lastKnownFileType = wrapper.xcdatamodel; path = Project_WM.xcdatamodel; sourceTree = "<group>"; };
		CEC817D22BEA9F1F0061BF06 /* Assets.xcassets */ = {isa = PBXFileReference; lastKnownFileType = folder.assetcatalog; path = Assets.xcassets; sourceTree = "<group>"; };
		CEC817D52BEA9F1F0061BF06 /* Base */ = {isa = PBXFileReference; lastKnownFileType = file.storyboard; name = Base; path = Base.lproj/LaunchScreen.storyboard; sourceTree = "<group>"; };
		CEC817D72BEA9F1F0061BF06 /* Info.plist */ = {isa = PBXFileReference; lastKnownFileType = text.plist.xml; path = Info.plist; sourceTree = "<group>"; };
		CEC817DC2BEA9F200061BF06 /* Project WMTests.xctest */ = {isa = PBXFileReference; explicitFileType = wrapper.cfbundle; includeInIndex = 0; path = "Project WMTests.xctest"; sourceTree = BUILT_PRODUCTS_DIR; };
		CEC817E02BEA9F200061BF06 /* Project_WMTests.swift */ = {isa = PBXFileReference; lastKnownFileType = sourcecode.swift; path = Project_WMTests.swift; sourceTree = "<group>"; };
		CEC817E62BEA9F200061BF06 /* Project WMUITests.xctest */ = {isa = PBXFileReference; explicitFileType = wrapper.cfbundle; includeInIndex = 0; path = "Project WMUITests.xctest"; sourceTree = BUILT_PRODUCTS_DIR; };
		CEC817EA2BEA9F200061BF06 /* Project_WMUITests.swift */ = {isa = PBXFileReference; lastKnownFileType = sourcecode.swift; path = Project_WMUITests.swift; sourceTree = "<group>"; };
		CEC817EC2BEA9F200061BF06 /* Project_WMUITestsLaunchTests.swift */ = {isa = PBXFileReference; lastKnownFileType = sourcecode.swift; path = Project_WMUITestsLaunchTests.swift; sourceTree = "<group>"; };
		CEC818002BEA9FF10061BF06 /* Project WM-Bridging-Header.h */ = {isa = PBXFileReference; lastKnownFileType = sourcecode.c.h; path = "Project WM-Bridging-Header.h"; sourceTree = "<group>"; };
		CEC818012BEA9FF20061BF06 /* FMDatabaseAdditions.m */ = {isa = PBXFileReference; fileEncoding = 4; lastKnownFileType = sourcecode.c.objc; path = FMDatabaseAdditions.m; sourceTree = "<group>"; };
		CEC818022BEA9FF20061BF06 /* FMDatabaseQueue.m */ = {isa = PBXFileReference; fileEncoding = 4; lastKnownFileType = sourcecode.c.objc; path = FMDatabaseQueue.m; sourceTree = "<group>"; };
		CEC818032BEA9FF20061BF06 /* FMDatabaseAdditions.h */ = {isa = PBXFileReference; fileEncoding = 4; lastKnownFileType = sourcecode.c.h; path = FMDatabaseAdditions.h; sourceTree = "<group>"; };
		CEC818042BEA9FF20061BF06 /* FMResultSet.h */ = {isa = PBXFileReference; fileEncoding = 4; lastKnownFileType = sourcecode.c.h; path = FMResultSet.h; sourceTree = "<group>"; };
		CEC818052BEA9FF20061BF06 /* FMResultSet.m */ = {isa = PBXFileReference; fileEncoding = 4; lastKnownFileType = sourcecode.c.objc; path = FMResultSet.m; sourceTree = "<group>"; };
		CEC818062BEA9FF20061BF06 /* FMDatabasePool.h */ = {isa = PBXFileReference; fileEncoding = 4; lastKnownFileType = sourcecode.c.h; path = FMDatabasePool.h; sourceTree = "<group>"; };
		CEC818072BEA9FF20061BF06 /* FMDatabase.m */ = {isa = PBXFileReference; fileEncoding = 4; lastKnownFileType = sourcecode.c.objc; path = FMDatabase.m; sourceTree = "<group>"; };
		CEC818082BEA9FF20061BF06 /* FMDatabase.h */ = {isa = PBXFileReference; fileEncoding = 4; lastKnownFileType = sourcecode.c.h; path = FMDatabase.h; sourceTree = "<group>"; };
		CEC818092BEA9FF30061BF06 /* FMDatabaseQueue.h */ = {isa = PBXFileReference; fileEncoding = 4; lastKnownFileType = sourcecode.c.h; path = FMDatabaseQueue.h; sourceTree = "<group>"; };
		CEC8180A2BEA9FF30061BF06 /* FMDB.h */ = {isa = PBXFileReference; fileEncoding = 4; lastKnownFileType = sourcecode.c.h; path = FMDB.h; sourceTree = "<group>"; };
		CEC8180B2BEA9FF30061BF06 /* FMDatabasePool.m */ = {isa = PBXFileReference; fileEncoding = 4; lastKnownFileType = sourcecode.c.objc; path = FMDatabasePool.m; sourceTree = "<group>"; };
		CEC818112BEAA09C0061BF06 /* WorkManagementDaTabase.swift */ = {isa = PBXFileReference; lastKnownFileType = sourcecode.swift; path = WorkManagementDaTabase.swift; sourceTree = "<group>"; };
		CEC818142BEAA1C60061BF06 /* libsqlite3.0.tbd */ = {isa = PBXFileReference; lastKnownFileType = "sourcecode.text-based-dylib-definition"; name = libsqlite3.0.tbd; path = usr/lib/libsqlite3.0.tbd; sourceTree = SDKROOT; };
/* End PBXFileReference section */

/* Begin PBXFrameworksBuildPhase section */
		CEC817C02BEA9F1A0061BF06 /* Frameworks */ = {
			isa = PBXFrameworksBuildPhase;
			buildActionMask = 2147483647;
			files = (
				CEC818152BEAA1C60061BF06 /* libsqlite3.0.tbd in Frameworks */,
			);
			runOnlyForDeploymentPostprocessing = 0;
		};
		CEC817D92BEA9F200061BF06 /* Frameworks */ = {
			isa = PBXFrameworksBuildPhase;
			buildActionMask = 2147483647;
			files = (
			);
			runOnlyForDeploymentPostprocessing = 0;
		};
		CEC817E32BEA9F200061BF06 /* Frameworks */ = {
			isa = PBXFrameworksBuildPhase;
			buildActionMask = 2147483647;
			files = (
			);
			runOnlyForDeploymentPostprocessing = 0;
		};
/* End PBXFrameworksBuildPhase section */

/* Begin PBXGroup section */
		CEC817BA2BEA9F1A0061BF06 = {
			isa = PBXGroup;
			children = (
				CEC817C52BEA9F1A0061BF06 /* Project WM */,
				CEC817DF2BEA9F200061BF06 /* Project WMTests */,
				CEC817E92BEA9F200061BF06 /* Project WMUITests */,
				CEC817C42BEA9F1A0061BF06 /* Products */,
				CEC818132BEAA1C60061BF06 /* Frameworks */,
			);
			sourceTree = "<group>";
		};
		CEC817C42BEA9F1A0061BF06 /* Products */ = {
			isa = PBXGroup;
			children = (
				CEC817C32BEA9F1A0061BF06 /* Project WM.app */,
				CEC817DC2BEA9F200061BF06 /* Project WMTests.xctest */,
				CEC817E62BEA9F200061BF06 /* Project WMUITests.xctest */,
			);
			name = Products;
			sourceTree = "<group>";
		};
		CEC817C52BEA9F1A0061BF06 /* Project WM */ = {
			isa = PBXGroup;
			children = (
				CEC817FF2BEA9FAB0061BF06 /* Controls */,
				CEC817FE2BEA9FA20061BF06 /* Models */,
				CEC817FD2BEA9F920061BF06 /* FMDB */,
				CEC817FC2BEA9F880061BF06 /* DAL */,
				CEC817FB2BEA9F6D0061BF06 /* Controllers */,
				CEC817CC2BEA9F1A0061BF06 /* Main.storyboard */,
				CEC817F92BEA9F360061BF06 /* System files */,
				CEC817CF2BEA9F1A0061BF06 /* Project_WM.xcdatamodeld */,
			);
			path = "Project WM";
			sourceTree = "<group>";
		};
		CEC817DF2BEA9F200061BF06 /* Project WMTests */ = {
			isa = PBXGroup;
			children = (
				CEC817E02BEA9F200061BF06 /* Project_WMTests.swift */,
			);
			path = "Project WMTests";
			sourceTree = "<group>";
		};
		CEC817E92BEA9F200061BF06 /* Project WMUITests */ = {
			isa = PBXGroup;
			children = (
				CEC817EA2BEA9F200061BF06 /* Project_WMUITests.swift */,
				CEC817EC2BEA9F200061BF06 /* Project_WMUITestsLaunchTests.swift */,
			);
			path = "Project WMUITests";
			sourceTree = "<group>";
		};
		CEC817F92BEA9F360061BF06 /* System files */ = {
			isa = PBXGroup;
			children = (
				CEC817D22BEA9F1F0061BF06 /* Assets.xcassets */,
				CEC817D42BEA9F1F0061BF06 /* LaunchScreen.storyboard */,
				CEC817D72BEA9F1F0061BF06 /* Info.plist */,
				CEC817C62BEA9F1A0061BF06 /* AppDelegate.swift */,
				CEC817C82BEA9F1A0061BF06 /* SceneDelegate.swift */,
			);
			name = "System files";
			sourceTree = "<group>";
		};
		CEC817FB2BEA9F6D0061BF06 /* Controllers */ = {
			isa = PBXGroup;
			children = (
				CEC817CA2BEA9F1A0061BF06 /* ViewController.swift */,
			);
			name = Controllers;
			sourceTree = "<group>";
		};
		CEC817FC2BEA9F880061BF06 /* DAL */ = {
			isa = PBXGroup;
			children = (
				CEC818112BEAA09C0061BF06 /* WorkManagementDaTabase.swift */,
			);
			name = DAL;
			sourceTree = "<group>";
		};
		CEC817FD2BEA9F920061BF06 /* FMDB */ = {
			isa = PBXGroup;
			children = (
				CEC818082BEA9FF20061BF06 /* FMDatabase.h */,
				CEC818072BEA9FF20061BF06 /* FMDatabase.m */,
				CEC818032BEA9FF20061BF06 /* FMDatabaseAdditions.h */,
				CEC818012BEA9FF20061BF06 /* FMDatabaseAdditions.m */,
				CEC818062BEA9FF20061BF06 /* FMDatabasePool.h */,
				CEC8180B2BEA9FF30061BF06 /* FMDatabasePool.m */,
				CEC818092BEA9FF30061BF06 /* FMDatabaseQueue.h */,
				CEC818022BEA9FF20061BF06 /* FMDatabaseQueue.m */,
				CEC8180A2BEA9FF30061BF06 /* FMDB.h */,
				CEC818042BEA9FF20061BF06 /* FMResultSet.h */,
				CEC818052BEA9FF20061BF06 /* FMResultSet.m */,
				CEC818002BEA9FF10061BF06 /* Project WM-Bridging-Header.h */,
			);
			name = FMDB;
			sourceTree = "<group>";
		};
		CEC817FE2BEA9FA20061BF06 /* Models */ = {
			isa = PBXGroup;
			children = (
			);
			name = Models;
			sourceTree = "<group>";
		};
		CEC817FF2BEA9FAB0061BF06 /* Controls */ = {
			isa = PBXGroup;
			children = (
			);
			name = Controls;
			sourceTree = "<group>";
		};
		CEC818132BEAA1C60061BF06 /* Frameworks */ = {
			isa = PBXGroup;
			children = (
				CEC818142BEAA1C60061BF06 /* libsqlite3.0.tbd */,
			);
			name = Frameworks;
			sourceTree = "<group>";
		};
/* End PBXGroup section */

/* Begin PBXNativeTarget section */
		CEC817C22BEA9F1A0061BF06 /* Project WM */ = {
			isa = PBXNativeTarget;
			buildConfigurationList = CEC817F02BEA9F200061BF06 /* Build configuration list for PBXNativeTarget "Project WM" */;
			buildPhases = (
				CEC817BF2BEA9F1A0061BF06 /* Sources */,
				CEC817C02BEA9F1A0061BF06 /* Frameworks */,
				CEC817C12BEA9F1A0061BF06 /* Resources */,
			);
			buildRules = (
			);
			dependencies = (
			);
			name = "Project WM";
			productName = "Project WM";
			productReference = CEC817C32BEA9F1A0061BF06 /* Project WM.app */;
			productType = "com.apple.product-type.application";
		};
		CEC817DB2BEA9F200061BF06 /* Project WMTests */ = {
			isa = PBXNativeTarget;
			buildConfigurationList = CEC817F32BEA9F200061BF06 /* Build configuration list for PBXNativeTarget "Project WMTests" */;
			buildPhases = (
				CEC817D82BEA9F200061BF06 /* Sources */,
				CEC817D92BEA9F200061BF06 /* Frameworks */,
				CEC817DA2BEA9F200061BF06 /* Resources */,
			);
			buildRules = (
			);
			dependencies = (
				CEC817DE2BEA9F200061BF06 /* PBXTargetDependency */,
			);
			name = "Project WMTests";
			productName = "Project WMTests";
			productReference = CEC817DC2BEA9F200061BF06 /* Project WMTests.xctest */;
			productType = "com.apple.product-type.bundle.unit-test";
		};
		CEC817E52BEA9F200061BF06 /* Project WMUITests */ = {
			isa = PBXNativeTarget;
			buildConfigurationList = CEC817F62BEA9F200061BF06 /* Build configuration list for PBXNativeTarget "Project WMUITests" */;
			buildPhases = (
				CEC817E22BEA9F200061BF06 /* Sources */,
				CEC817E32BEA9F200061BF06 /* Frameworks */,
				CEC817E42BEA9F200061BF06 /* Resources */,
			);
			buildRules = (
			);
			dependencies = (
				CEC817E82BEA9F200061BF06 /* PBXTargetDependency */,
			);
			name = "Project WMUITests";
			productName = "Project WMUITests";
			productReference = CEC817E62BEA9F200061BF06 /* Project WMUITests.xctest */;
			productType = "com.apple.product-type.bundle.ui-testing";
		};
/* End PBXNativeTarget section */

/* Begin PBXProject section */
		CEC817BB2BEA9F1A0061BF06 /* Project object */ = {
			isa = PBXProject;
			attributes = {
				BuildIndependentTargetsInParallel = 1;
				LastSwiftUpdateCheck = 1420;
				LastUpgradeCheck = 1420;
				TargetAttributes = {
					CEC817C22BEA9F1A0061BF06 = {
						CreatedOnToolsVersion = 14.2;
						LastSwiftMigration = 1420;
					};
					CEC817DB2BEA9F200061BF06 = {
						CreatedOnToolsVersion = 14.2;
						TestTargetID = CEC817C22BEA9F1A0061BF06;
					};
					CEC817E52BEA9F200061BF06 = {
						CreatedOnToolsVersion = 14.2;
						TestTargetID = CEC817C22BEA9F1A0061BF06;
					};
				};
			};
			buildConfigurationList = CEC817BE2BEA9F1A0061BF06 /* Build configuration list for PBXProject "Project WM" */;
			compatibilityVersion = "Xcode 14.0";
			developmentRegion = en;
			hasScannedForEncodings = 0;
			knownRegions = (
				en,
				Base,
			);
			mainGroup = CEC817BA2BEA9F1A0061BF06;
			productRefGroup = CEC817C42BEA9F1A0061BF06 /* Products */;
			projectDirPath = "";
			projectRoot = "";
			targets = (
				CEC817C22BEA9F1A0061BF06 /* Project WM */,
				CEC817DB2BEA9F200061BF06 /* Project WMTests */,
				CEC817E52BEA9F200061BF06 /* Project WMUITests */,
			);
		};
/* End PBXProject section */

/* Begin PBXResourcesBuildPhase section */
		CEC817C12BEA9F1A0061BF06 /* Resources */ = {
			isa = PBXResourcesBuildPhase;
			buildActionMask = 2147483647;
			files = (
				CEC817D62BEA9F1F0061BF06 /* LaunchScreen.storyboard in Resources */,
				CEC817D32BEA9F1F0061BF06 /* Assets.xcassets in Resources */,
				CEC817CE2BEA9F1A0061BF06 /* Main.storyboard in Resources */,
			);
			runOnlyForDeploymentPostprocessing = 0;
		};
		CEC817DA2BEA9F200061BF06 /* Resources */ = {
			isa = PBXResourcesBuildPhase;
			buildActionMask = 2147483647;
			files = (
			);
			runOnlyForDeploymentPostprocessing = 0;
		};
		CEC817E42BEA9F200061BF06 /* Resources */ = {
			isa = PBXResourcesBuildPhase;
			buildActionMask = 2147483647;
			files = (
			);
			runOnlyForDeploymentPostprocessing = 0;
		};
/* End PBXResourcesBuildPhase section */

/* Begin PBXSourcesBuildPhase section */
		CEC817BF2BEA9F1A0061BF06 /* Sources */ = {
			isa = PBXSourcesBuildPhase;
			buildActionMask = 2147483647;
			files = (
				CEC817CB2BEA9F1A0061BF06 /* ViewController.swift in Sources */,
				CEC817D12BEA9F1A0061BF06 /* Project_WM.xcdatamodeld in Sources */,
				CEC8180E2BEA9FF30061BF06 /* FMResultSet.m in Sources */,
				CEC817C72BEA9F1A0061BF06 /* AppDelegate.swift in Sources */,
				CEC818102BEA9FF30061BF06 /* FMDatabasePool.m in Sources */,
				CEC817C92BEA9F1A0061BF06 /* SceneDelegate.swift in Sources */,
				CEC8180C2BEA9FF30061BF06 /* FMDatabaseAdditions.m in Sources */,
				CEC8180D2BEA9FF30061BF06 /* FMDatabaseQueue.m in Sources */,
				CEC818122BEAA09C0061BF06 /* WorkManagementDaTabase.swift in Sources */,
				CEC8180F2BEA9FF30061BF06 /* FMDatabase.m in Sources */,
			);
			runOnlyForDeploymentPostprocessing = 0;
		};
		CEC817D82BEA9F200061BF06 /* Sources */ = {
			isa = PBXSourcesBuildPhase;
			buildActionMask = 2147483647;
			files = (
				CEC817E12BEA9F200061BF06 /* Project_WMTests.swift in Sources */,
			);
			runOnlyForDeploymentPostprocessing = 0;
		};
		CEC817E22BEA9F200061BF06 /* Sources */ = {
			isa = PBXSourcesBuildPhase;
			buildActionMask = 2147483647;
			files = (
				CEC817ED2BEA9F200061BF06 /* Project_WMUITestsLaunchTests.swift in Sources */,
				CEC817EB2BEA9F200061BF06 /* Project_WMUITests.swift in Sources */,
			);
			runOnlyForDeploymentPostprocessing = 0;
		};
/* End PBXSourcesBuildPhase section */

/* Begin PBXTargetDependency section */
		CEC817DE2BEA9F200061BF06 /* PBXTargetDependency */ = {
			isa = PBXTargetDependency;
			target = CEC817C22BEA9F1A0061BF06 /* Project WM */;
			targetProxy = CEC817DD2BEA9F200061BF06 /* PBXContainerItemProxy */;
		};
		CEC817E82BEA9F200061BF06 /* PBXTargetDependency */ = {
			isa = PBXTargetDependency;
			target = CEC817C22BEA9F1A0061BF06 /* Project WM */;
			targetProxy = CEC817E72BEA9F200061BF06 /* PBXContainerItemProxy */;
		};
/* End PBXTargetDependency section */

/* Begin PBXVariantGroup section */
		CEC817CC2BEA9F1A0061BF06 /* Main.storyboard */ = {
			isa = PBXVariantGroup;
			children = (
				CEC817CD2BEA9F1A0061BF06 /* Base */,
			);
			name = Main.storyboard;
			sourceTree = "<group>";
		};
		CEC817D42BEA9F1F0061BF06 /* LaunchScreen.storyboard */ = {
			isa = PBXVariantGroup;
			children = (
				CEC817D52BEA9F1F0061BF06 /* Base */,
			);
			name = LaunchScreen.storyboard;
			sourceTree = "<group>";
		};
/* End PBXVariantGroup section */

/* Begin XCBuildConfiguration section */
		CEC817EE2BEA9F200061BF06 /* Debug */ = {
			isa = XCBuildConfiguration;
			buildSettings = {
				ALWAYS_SEARCH_USER_PATHS = NO;
				CLANG_ANALYZER_NONNULL = YES;
				CLANG_ANALYZER_NUMBER_OBJECT_CONVERSION = YES_AGGRESSIVE;
				CLANG_CXX_LANGUAGE_STANDARD = "gnu++20";
				CLANG_ENABLE_MODULES = YES;
				CLANG_ENABLE_OBJC_ARC = YES;
				CLANG_ENABLE_OBJC_WEAK = YES;
				CLANG_WARN_BLOCK_CAPTURE_AUTORELEASING = YES;
				CLANG_WARN_BOOL_CONVERSION = YES;
				CLANG_WARN_COMMA = YES;
				CLANG_WARN_CONSTANT_CONVERSION = YES;
				CLANG_WARN_DEPRECATED_OBJC_IMPLEMENTATIONS = YES;
				CLANG_WARN_DIRECT_OBJC_ISA_USAGE = YES_ERROR;
				CLANG_WARN_DOCUMENTATION_COMMENTS = YES;
				CLANG_WARN_EMPTY_BODY = YES;
				CLANG_WARN_ENUM_CONVERSION = YES;
				CLANG_WARN_INFINITE_RECURSION = YES;
				CLANG_WARN_INT_CONVERSION = YES;
				CLANG_WARN_NON_LITERAL_NULL_CONVERSION = YES;
				CLANG_WARN_OBJC_IMPLICIT_RETAIN_SELF = YES;
				CLANG_WARN_OBJC_LITERAL_CONVERSION = YES;
				CLANG_WARN_OBJC_ROOT_CLASS = YES_ERROR;
				CLANG_WARN_QUOTED_INCLUDE_IN_FRAMEWORK_HEADER = YES;
				CLANG_WARN_RANGE_LOOP_ANALYSIS = YES;
				CLANG_WARN_STRICT_PROTOTYPES = YES;
				CLANG_WARN_SUSPICIOUS_MOVE = YES;
				CLANG_WARN_UNGUARDED_AVAILABILITY = YES_AGGRESSIVE;
				CLANG_WARN_UNREACHABLE_CODE = YES;
				CLANG_WARN__DUPLICATE_METHOD_MATCH = YES;
				COPY_PHASE_STRIP = NO;
				DEBUG_INFORMATION_FORMAT = dwarf;
				ENABLE_STRICT_OBJC_MSGSEND = YES;
				ENABLE_TESTABILITY = YES;
				GCC_C_LANGUAGE_STANDARD = gnu11;
				GCC_DYNAMIC_NO_PIC = NO;
				GCC_NO_COMMON_BLOCKS = YES;
				GCC_OPTIMIZATION_LEVEL = 0;
				GCC_PREPROCESSOR_DEFINITIONS = (
					"DEBUG=1",
					"$(inherited)",
				);
				GCC_WARN_64_TO_32_BIT_CONVERSION = YES;
				GCC_WARN_ABOUT_RETURN_TYPE = YES_ERROR;
				GCC_WARN_UNDECLARED_SELECTOR = YES;
				GCC_WARN_UNINITIALIZED_AUTOS = YES_AGGRESSIVE;
				GCC_WARN_UNUSED_FUNCTION = YES;
				GCC_WARN_UNUSED_VARIABLE = YES;
				IPHONEOS_DEPLOYMENT_TARGET = 16.2;
				MTL_ENABLE_DEBUG_INFO = INCLUDE_SOURCE;
				MTL_FAST_MATH = YES;
				ONLY_ACTIVE_ARCH = YES;
				SDKROOT = iphoneos;
				SWIFT_ACTIVE_COMPILATION_CONDITIONS = DEBUG;
				SWIFT_OPTIMIZATION_LEVEL = "-Onone";
			};
			name = Debug;
		};
		CEC817EF2BEA9F200061BF06 /* Release */ = {
			isa = XCBuildConfiguration;
			buildSettings = {
				ALWAYS_SEARCH_USER_PATHS = NO;
				CLANG_ANALYZER_NONNULL = YES;
				CLANG_ANALYZER_NUMBER_OBJECT_CONVERSION = YES_AGGRESSIVE;
				CLANG_CXX_LANGUAGE_STANDARD = "gnu++20";
				CLANG_ENABLE_MODULES = YES;
				CLANG_ENABLE_OBJC_ARC = YES;
				CLANG_ENABLE_OBJC_WEAK = YES;
				CLANG_WARN_BLOCK_CAPTURE_AUTORELEASING = YES;
				CLANG_WARN_BOOL_CONVERSION = YES;
				CLANG_WARN_COMMA = YES;
				CLANG_WARN_CONSTANT_CONVERSION = YES;
				CLANG_WARN_DEPRECATED_OBJC_IMPLEMENTATIONS = YES;
				CLANG_WARN_DIRECT_OBJC_ISA_USAGE = YES_ERROR;
				CLANG_WARN_DOCUMENTATION_COMMENTS = YES;
				CLANG_WARN_EMPTY_BODY = YES;
				CLANG_WARN_ENUM_CONVERSION = YES;
				CLANG_WARN_INFINITE_RECURSION = YES;
				CLANG_WARN_INT_CONVERSION = YES;
				CLANG_WARN_NON_LITERAL_NULL_CONVERSION = YES;
				CLANG_WARN_OBJC_IMPLICIT_RETAIN_SELF = YES;
				CLANG_WARN_OBJC_LITERAL_CONVERSION = YES;
				CLANG_WARN_OBJC_ROOT_CLASS = YES_ERROR;
				CLANG_WARN_QUOTED_INCLUDE_IN_FRAMEWORK_HEADER = YES;
				CLANG_WARN_RANGE_LOOP_ANALYSIS = YES;
				CLANG_WARN_STRICT_PROTOTYPES = YES;
				CLANG_WARN_SUSPICIOUS_MOVE = YES;
				CLANG_WARN_UNGUARDED_AVAILABILITY = YES_AGGRESSIVE;
				CLANG_WARN_UNREACHABLE_CODE = YES;
				CLANG_WARN__DUPLICATE_METHOD_MATCH = YES;
				COPY_PHASE_STRIP = NO;
				DEBUG_INFORMATION_FORMAT = "dwarf-with-dsym";
				ENABLE_NS_ASSERTIONS = NO;
				ENABLE_STRICT_OBJC_MSGSEND = YES;
				GCC_C_LANGUAGE_STANDARD = gnu11;
				GCC_NO_COMMON_BLOCKS = YES;
				GCC_WARN_64_TO_32_BIT_CONVERSION = YES;
				GCC_WARN_ABOUT_RETURN_TYPE = YES_ERROR;
				GCC_WARN_UNDECLARED_SELECTOR = YES;
				GCC_WARN_UNINITIALIZED_AUTOS = YES_AGGRESSIVE;
				GCC_WARN_UNUSED_FUNCTION = YES;
				GCC_WARN_UNUSED_VARIABLE = YES;
				IPHONEOS_DEPLOYMENT_TARGET = 16.2;
				MTL_ENABLE_DEBUG_INFO = NO;
				MTL_FAST_MATH = YES;
				SDKROOT = iphoneos;
				SWIFT_COMPILATION_MODE = wholemodule;
				SWIFT_OPTIMIZATION_LEVEL = "-O";
				VALIDATE_PRODUCT = YES;
			};
			name = Release;
		};
		CEC817F12BEA9F200061BF06 /* Debug */ = {
			isa = XCBuildConfiguration;
			buildSettings = {
				ASSETCATALOG_COMPILER_APPICON_NAME = AppIcon;
				ASSETCATALOG_COMPILER_GLOBAL_ACCENT_COLOR_NAME = AccentColor;
				CLANG_ENABLE_MODULES = YES;
				CODE_SIGN_STYLE = Automatic;
				CURRENT_PROJECT_VERSION = 1;
				GENERATE_INFOPLIST_FILE = YES;
				INFOPLIST_FILE = "Project WM/Info.plist";
				INFOPLIST_KEY_UIApplicationSupportsIndirectInputEvents = YES;
				INFOPLIST_KEY_UILaunchStoryboardName = LaunchScreen;
				INFOPLIST_KEY_UIMainStoryboardFile = Main;
				INFOPLIST_KEY_UISupportedInterfaceOrientations = UIInterfaceOrientationPortrait;
				LD_RUNPATH_SEARCH_PATHS = (
					"$(inherited)",
					"@executable_path/Frameworks",
				);
				MARKETING_VERSION = 1.0;
				PRODUCT_BUNDLE_IDENTIFIER = "vn.edu.tdc.Project-WM";
				PRODUCT_NAME = "$(TARGET_NAME)";
				SWIFT_EMIT_LOC_STRINGS = YES;
				SWIFT_OBJC_BRIDGING_HEADER = "Project WM/Project WM-Bridging-Header.h";
				SWIFT_OPTIMIZATION_LEVEL = "-Onone";
				SWIFT_VERSION = 5.0;
				TARGETED_DEVICE_FAMILY = "1,2";
			};
			name = Debug;
		};
		CEC817F22BEA9F200061BF06 /* Release */ = {
			isa = XCBuildConfiguration;
			buildSettings = {
				ASSETCATALOG_COMPILER_APPICON_NAME = AppIcon;
				ASSETCATALOG_COMPILER_GLOBAL_ACCENT_COLOR_NAME = AccentColor;
				CLANG_ENABLE_MODULES = YES;
				CODE_SIGN_STYLE = Automatic;
				CURRENT_PROJECT_VERSION = 1;
				GENERATE_INFOPLIST_FILE = YES;
				INFOPLIST_FILE = "Project WM/Info.plist";
				INFOPLIST_KEY_UIApplicationSupportsIndirectInputEvents = YES;
				INFOPLIST_KEY_UILaunchStoryboardName = LaunchScreen;
				INFOPLIST_KEY_UIMainStoryboardFile = Main;
				INFOPLIST_KEY_UISupportedInterfaceOrientations = UIInterfaceOrientationPortrait;
				LD_RUNPATH_SEARCH_PATHS = (
					"$(inherited)",
					"@executable_path/Frameworks",
				);
				MARKETING_VERSION = 1.0;
				PRODUCT_BUNDLE_IDENTIFIER = "vn.edu.tdc.Project-WM";
				PRODUCT_NAME = "$(TARGET_NAME)";
				SWIFT_EMIT_LOC_STRINGS = YES;
				SWIFT_OBJC_BRIDGING_HEADER = "Project WM/Project WM-Bridging-Header.h";
				SWIFT_VERSION = 5.0;
				TARGETED_DEVICE_FAMILY = "1,2";
			};
			name = Release;
		};
		CEC817F42BEA9F200061BF06 /* Debug */ = {
			isa = XCBuildConfiguration;
			buildSettings = {
				ALWAYS_EMBED_SWIFT_STANDARD_LIBRARIES = YES;
				BUNDLE_LOADER = "$(TEST_HOST)";
				CODE_SIGN_STYLE = Automatic;
				CURRENT_PROJECT_VERSION = 1;
				GENERATE_INFOPLIST_FILE = YES;
				IPHONEOS_DEPLOYMENT_TARGET = 16.2;
				MARKETING_VERSION = 1.0;
				PRODUCT_BUNDLE_IDENTIFIER = "vn.edu.tdc.Project-WMTests";
				PRODUCT_NAME = "$(TARGET_NAME)";
				SWIFT_EMIT_LOC_STRINGS = NO;
				SWIFT_VERSION = 5.0;
				TARGETED_DEVICE_FAMILY = "1,2";
				TEST_HOST = "$(BUILT_PRODUCTS_DIR)/Project WM.app/$(BUNDLE_EXECUTABLE_FOLDER_PATH)/Project WM";
			};
			name = Debug;
		};
		CEC817F52BEA9F200061BF06 /* Release */ = {
			isa = XCBuildConfiguration;
			buildSettings = {
				ALWAYS_EMBED_SWIFT_STANDARD_LIBRARIES = YES;
				BUNDLE_LOADER = "$(TEST_HOST)";
				CODE_SIGN_STYLE = Automatic;
				CURRENT_PROJECT_VERSION = 1;
				GENERATE_INFOPLIST_FILE = YES;
				IPHONEOS_DEPLOYMENT_TARGET = 16.2;
				MARKETING_VERSION = 1.0;
				PRODUCT_BUNDLE_IDENTIFIER = "vn.edu.tdc.Project-WMTests";
				PRODUCT_NAME = "$(TARGET_NAME)";
				SWIFT_EMIT_LOC_STRINGS = NO;
				SWIFT_VERSION = 5.0;
				TARGETED_DEVICE_FAMILY = "1,2";
				TEST_HOST = "$(BUILT_PRODUCTS_DIR)/Project WM.app/$(BUNDLE_EXECUTABLE_FOLDER_PATH)/Project WM";
			};
			name = Release;
		};
		CEC817F72BEA9F200061BF06 /* Debug */ = {
			isa = XCBuildConfiguration;
			buildSettings = {
				ALWAYS_EMBED_SWIFT_STANDARD_LIBRARIES = YES;
				CODE_SIGN_STYLE = Automatic;
				CURRENT_PROJECT_VERSION = 1;
				GENERATE_INFOPLIST_FILE = YES;
				MARKETING_VERSION = 1.0;
				PRODUCT_BUNDLE_IDENTIFIER = "vn.edu.tdc.Project-WMUITests";
				PRODUCT_NAME = "$(TARGET_NAME)";
				SWIFT_EMIT_LOC_STRINGS = NO;
				SWIFT_VERSION = 5.0;
				TARGETED_DEVICE_FAMILY = "1,2";
				TEST_TARGET_NAME = "Project WM";
			};
			name = Debug;
		};
		CEC817F82BEA9F200061BF06 /* Release */ = {
			isa = XCBuildConfiguration;
			buildSettings = {
				ALWAYS_EMBED_SWIFT_STANDARD_LIBRARIES = YES;
				CODE_SIGN_STYLE = Automatic;
				CURRENT_PROJECT_VERSION = 1;
				GENERATE_INFOPLIST_FILE = YES;
				MARKETING_VERSION = 1.0;
				PRODUCT_BUNDLE_IDENTIFIER = "vn.edu.tdc.Project-WMUITests";
				PRODUCT_NAME = "$(TARGET_NAME)";
				SWIFT_EMIT_LOC_STRINGS = NO;
				SWIFT_VERSION = 5.0;
				TARGETED_DEVICE_FAMILY = "1,2";
				TEST_TARGET_NAME = "Project WM";
			};
			name = Release;
		};
/* End XCBuildConfiguration section */

/* Begin XCConfigurationList section */
		CEC817BE2BEA9F1A0061BF06 /* Build configuration list for PBXProject "Project WM" */ = {
			isa = XCConfigurationList;
			buildConfigurations = (
				CEC817EE2BEA9F200061BF06 /* Debug */,
				CEC817EF2BEA9F200061BF06 /* Release */,
			);
			defaultConfigurationIsVisible = 0;
			defaultConfigurationName = Release;
		};
		CEC817F02BEA9F200061BF06 /* Build configuration list for PBXNativeTarget "Project WM" */ = {
			isa = XCConfigurationList;
			buildConfigurations = (
				CEC817F12BEA9F200061BF06 /* Debug */,
				CEC817F22BEA9F200061BF06 /* Release */,
			);
			defaultConfigurationIsVisible = 0;
			defaultConfigurationName = Release;
		};
		CEC817F32BEA9F200061BF06 /* Build configuration list for PBXNativeTarget "Project WMTests" */ = {
			isa = XCConfigurationList;
			buildConfigurations = (
				CEC817F42BEA9F200061BF06 /* Debug */,
				CEC817F52BEA9F200061BF06 /* Release */,
			);
			defaultConfigurationIsVisible = 0;
			defaultConfigurationName = Release;
		};
		CEC817F62BEA9F200061BF06 /* Build configuration list for PBXNativeTarget "Project WMUITests" */ = {
			isa = XCConfigurationList;
			buildConfigurations = (
				CEC817F72BEA9F200061BF06 /* Debug */,
				CEC817F82BEA9F200061BF06 /* Release */,
			);
			defaultConfigurationIsVisible = 0;
			defaultConfigurationName = Release;
		};
/* End XCConfigurationList section */

/* Begin XCVersionGroup section */
		CEC817CF2BEA9F1A0061BF06 /* Project_WM.xcdatamodeld */ = {
			isa = XCVersionGroup;
			children = (
				CEC817D02BEA9F1A0061BF06 /* Project_WM.xcdatamodel */,
			);
			currentVersion = CEC817D02BEA9F1A0061BF06 /* Project_WM.xcdatamodel */;
			path = Project_WM.xcdatamodeld;
			sourceTree = "<group>";
			versionGroupType = wrapper.xcdatamodel;
		};
/* End XCVersionGroup section */
	};
	rootObject = CEC817BB2BEA9F1A0061BF06 /* Project object */;
}
